
Microsoft Visual Studio Solution File, Format Version 12.00
# Visual Studio Version 16
VisualStudioVersion = 16.0.30104.148
MinimumVisualStudioVersion = 10.0.40219.1
Project("{FAE04EC0-301F-11D3-BF4B-00C04F79EFBC}") = "DatapointAPIPOC", "DatapointAPIPOC.csproj", "{905A964B-46AB-489B-AAA0-9018A7841E75}"
EndProject
Global
	GlobalSection(SolutionConfigurationPlatforms) = preSolution
		Debug|Any CPU = Debug|Any CPU
		Debug|x64 = Debug|x64
		Release|Any CPU = Release|Any CPU
		Release|x64 = Release|x64
	EndGlobalSection
	GlobalSection(ProjectConfigurationPlatforms) = postSolution
		{905A964B-46AB-489B-AAA0-9018A7841E75}.Debug|Any CPU.ActiveCfg = Debug|Any CPU
		{905A964B-46AB-489B-AAA0-9018A7841E75}.Debug|Any CPU.Build.0 = Debug|Any CPU
		{905A964B-46AB-489B-AAA0-9018A7841E75}.Debug|x64.ActiveCfg = Debug|Any CPU
		{905A964B-46AB-489B-AAA0-9018A7841E75}.Debug|x64.Build.0 = Debug|Any CPU
		{905A964B-46AB-489B-AAA0-9018A7841E75}.Release|Any CPU.ActiveCfg = Release|Any CPU
		{905A964B-46AB-489B-AAA0-9018A7841E75}.Release|Any CPU.Build.0 = Release|Any CPU
		{905A964B-46AB-489B-AAA0-9018A7841E75}.Release|x64.ActiveCfg = Release|Any CPU
		{905A964B-46AB-489B-AAA0-9018A7841E75}.Release|x64.Build.0 = Release|Any CPU
	EndGlobalSection
	GlobalSection(SolutionProperties) = preSolution
		HideSolutionNode = FALSE
	EndGlobalSection
	GlobalSection(ExtensibilityGlobals) = postSolution
		SolutionGuid = {47918967-33E4-4A36-8F20-E3E2D2C567B2}
	EndGlobalSection
EndGlobal
